// !$*UTF8*$!
{
	archiveVersion = 1;
	classes = {
	};
	objectVersion = 46;
	objects = {

/* Begin PBXBuildFile section */
		3D68D86C171F8E7E0072B226 /* UIKit.framework in Frameworks */ = {isa = PBXBuildFile; fileRef = 3D68D86B171F8E7E0072B226 /* UIKit.framework */; };
		3D68D86E171F8E7E0072B226 /* Foundation.framework in Frameworks */ = {isa = PBXBuildFile; fileRef = 3D68D86D171F8E7E0072B226 /* Foundation.framework */; };
		3D68D870171F8E7E0072B226 /* CoreGraphics.framework in Frameworks */ = {isa = PBXBuildFile; fileRef = 3D68D86F171F8E7E0072B226 /* CoreGraphics.framework */; };
		3D68D876171F8E7E0072B226 /* InfoPlist.strings in Resources */ = {isa = PBXBuildFile; fileRef = 3D68D874171F8E7E0072B226 /* InfoPlist.strings */; };
		3D68D878171F8E7E0072B226 /* main.m in Sources */ = {isa = PBXBuildFile; fileRef = 3D68D877171F8E7E0072B226 /* main.m */; };
		3D68D87C171F8E7E0072B226 /* SWIZAppDelegate.m in Sources */ = {isa = PBXBuildFile; fileRef = 3D68D87B171F8E7E0072B226 /* SWIZAppDelegate.m */; };
		3D68D87E171F8E7E0072B226 /* Default.png in Resources */ = {isa = PBXBuildFile; fileRef = 3D68D87D171F8E7E0072B226 /* Default.png */; };
		3D68D880171F8E7E0072B226 /* Default@2x.png in Resources */ = {isa = PBXBuildFile; fileRef = 3D68D87F171F8E7E0072B226 /* Default@2x.png */; };
		3D68D882171F8E7E0072B226 /* Default-568h@2x.png in Resources */ = {isa = PBXBuildFile; fileRef = 3D68D881171F8E7E0072B226 /* Default-568h@2x.png */; };
		3D68D885171F8E7E0072B226 /* MainStoryboard.storyboard in Resources */ = {isa = PBXBuildFile; fileRef = 3D68D883171F8E7E0072B226 /* MainStoryboard.storyboard */; };
		3D68D888171F8E7E0072B226 /* SWIZViewController.m in Sources */ = {isa = PBXBuildFile; fileRef = 3D68D887171F8E7E0072B226 /* SWIZViewController.m */; };
/* End PBXBuildFile section */

/* Begin PBXFileReference section */
		3D68D868171F8E7E0072B226 /* Storyboard Swizzle.app */ = {isa = PBXFileReference; explicitFileType = wrapper.application; includeInIndex = 0; path = "Storyboard Swizzle.app"; sourceTree = BUILT_PRODUCTS_DIR; };
		3D68D86B171F8E7E0072B226 /* UIKit.framework */ = {isa = PBXFileReference; lastKnownFileType = wrapper.framework; name = UIKit.framework; path = System/Library/Frameworks/UIKit.framework; sourceTree = SDKROOT; };
		3D68D86D171F8E7E0072B226 /* Foundation.framework */ = {isa = PBXFileReference; lastKnownFileType = wrapper.framework; name = Foundation.framework; path = System/Library/Frameworks/Foundation.framework; sourceTree = SDKROOT; };
		3D68D86F171F8E7E0072B226 /* CoreGraphics.framework */ = {isa = PBXFileReference; lastKnownFileType = wrapper.framework; name = CoreGraphics.framework; path = System/Library/Frameworks/CoreGraphics.framework; sourceTree = SDKROOT; };
		3D68D873171F8E7E0072B226 /* Storyboard Swizzle-Info.plist */ = {isa = PBXFileReference; lastKnownFileType = text.plist.xml; path = "Storyboard Swizzle-Info.plist"; sourceTree = "<group>"; };
		3D68D875171F8E7E0072B226 /* en */ = {isa = PBXFileReference; lastKnownFileType = text.plist.strings; name = en; path = en.lproj/InfoPlist.strings; sourceTree = "<group>"; };
		3D68D877171F8E7E0072B226 /* main.m */ = {isa = PBXFileReference; lastKnownFileType = sourcecode.c.objc; path = main.m; sourceTree = "<group>"; };
		3D68D879171F8E7E0072B226 /* Storyboard Swizzle-Prefix.pch */ = {isa = PBXFileReference; lastKnownFileType = sourcecode.c.h; path = "Storyboard Swizzle-Prefix.pch"; sourceTree = "<group>"; };
		3D68D87A171F8E7E0072B226 /* SWIZAppDelegate.h */ = {isa = PBXFileReference; lastKnownFileType = sourcecode.c.h; path = SWIZAppDelegate.h; sourceTree = "<group>"; };
		3D68D87B171F8E7E0072B226 /* SWIZAppDelegate.m */ = {isa = PBXFileReference; lastKnownFileType = sourcecode.c.objc; path = SWIZAppDelegate.m; sourceTree = "<group>"; };
		3D68D87D171F8E7E0072B226 /* Default.png */ = {isa = PBXFileReference; lastKnownFileType = image.png; path = Default.png; sourceTree = "<group>"; };
		3D68D87F171F8E7E0072B226 /* Default@2x.png */ = {isa = PBXFileReference; lastKnownFileType = image.png; path = "Default@2x.png"; sourceTree = "<group>"; };
		3D68D881171F8E7E0072B226 /* Default-568h@2x.png */ = {isa = PBXFileReference; lastKnownFileType = image.png; path = "Default-568h@2x.png"; sourceTree = "<group>"; };
		3D68D884171F8E7E0072B226 /* en */ = {isa = PBXFileReference; lastKnownFileType = file.storyboard; name = en; path = en.lproj/MainStoryboard.storyboard; sourceTree = "<group>"; };
		3D68D886171F8E7E0072B226 /* SWIZViewController.h */ = {isa = PBXFileReference; lastKnownFileType = sourcecode.c.h; path = SWIZViewController.h; sourceTree = "<group>"; };
		3D68D887171F8E7E0072B226 /* SWIZViewController.m */ = {isa = PBXFileReference; lastKnownFileType = sourcecode.c.objc; path = SWIZViewController.m; sourceTree = "<group>"; };
/* End PBXFileReference section */

/* Begin PBXFrameworksBuildPhase section */
		3D68D865171F8E7E0072B226 /* Frameworks */ = {
			isa = PBXFrameworksBuildPhase;
			buildActionMask = 2147483647;
			files = (
				3D68D86C171F8E7E0072B226 /* UIKit.framework in Frameworks */,
				3D68D86E171F8E7E0072B226 /* Foundation.framework in Frameworks */,
				3D68D870171F8E7E0072B226 /* CoreGraphics.framework in Frameworks */,
			);
			runOnlyForDeploymentPostprocessing = 0;
		};
/* End PBXFrameworksBuildPhase section */

/* Begin PBXGroup section */
		3D68D85F171F8E7E0072B226 = {
			isa = PBXGroup;
			children = (
				3D68D871171F8E7E0072B226 /* Storyboard Swizzle */,
				3D68D86A171F8E7E0072B226 /* Frameworks */,
				3D68D869171F8E7E0072B226 /* Products */,
			);
			sourceTree = "<group>";
		};
		3D68D869171F8E7E0072B226 /* Products */ = {
			isa = PBXGroup;
			children = (
				3D68D868171F8E7E0072B226 /* Storyboard Swizzle.app */,
			);
			name = Products;
			sourceTree = "<group>";
		};
		3D68D86A171F8E7E0072B226 /* Frameworks */ = {
			isa = PBXGroup;
			children = (
				3D68D86B171F8E7E0072B226 /* UIKit.framework */,
				3D68D86D171F8E7E0072B226 /* Foundation.framework */,
				3D68D86F171F8E7E0072B226 /* CoreGraphics.framework */,
			);
			name = Frameworks;
			sourceTree = "<group>";
		};
		3D68D871171F8E7E0072B226 /* Storyboard Swizzle */ = {
			isa = PBXGroup;
			children = (
				3D68D87A171F8E7E0072B226 /* SWIZAppDelegate.h */,
				3D68D87B171F8E7E0072B226 /* SWIZAppDelegate.m */,
				3D68D883171F8E7E0072B226 /* MainStoryboard.storyboard */,
				3D68D886171F8E7E0072B226 /* SWIZViewController.h */,
				3D68D887171F8E7E0072B226 /* SWIZViewController.m */,
				3D68D872171F8E7E0072B226 /* Supporting Files */,
			);
			path = "Storyboard Swizzle";
			sourceTree = "<group>";
		};
		3D68D872171F8E7E0072B226 /* Supporting Files */ = {
			isa = PBXGroup;
			children = (
				3D68D873171F8E7E0072B226 /* Storyboard Swizzle-Info.plist */,
				3D68D874171F8E7E0072B226 /* InfoPlist.strings */,
				3D68D877171F8E7E0072B226 /* main.m */,
				3D68D879171F8E7E0072B226 /* Storyboard Swizzle-Prefix.pch */,
				3D68D87D171F8E7E0072B226 /* Default.png */,
				3D68D87F171F8E7E0072B226 /* Default@2x.png */,
				3D68D881171F8E7E0072B226 /* Default-568h@2x.png */,
			);
			name = "Supporting Files";
			sourceTree = "<group>";
		};
/* End PBXGroup section */

/* Begin PBXNativeTarget section */
		3D68D867171F8E7E0072B226 /* Storyboard Swizzle */ = {
			isa = PBXNativeTarget;
			buildConfigurationList = 3D68D88B171F8E7E0072B226 /* Build configuration list for PBXNativeTarget "Storyboard Swizzle" */;
			buildPhases = (
				3D68D864171F8E7E0072B226 /* Sources */,
				3D68D865171F8E7E0072B226 /* Frameworks */,
				3D68D866171F8E7E0072B226 /* Resources */,
			);
			buildRules = (
			);
			dependencies = (
			);
			name = "Storyboard Swizzle";
			productName = "Storyboard Swizzle";
			productReference = 3D68D868171F8E7E0072B226 /* Storyboard Swizzle.app */;
			productType = "com.apple.product-type.application";
		};
/* End PBXNativeTarget section */

/* Begin PBXProject section */
		3D68D860171F8E7E0072B226 /* Project object */ = {
			isa = PBXProject;
			attributes = {
				CLASSPREFIX = SWIZ;
				LastUpgradeCheck = 0460;
				ORGANIZATIONNAME = "Sabbatical Software";
			};
			buildConfigurationList = 3D68D863171F8E7E0072B226 /* Build configuration list for PBXProject "Storyboard Swizzle" */;
			compatibilityVersion = "Xcode 3.2";
			developmentRegion = English;
			hasScannedForEncodings = 0;
			knownRegions = (
				en,
			);
			mainGroup = 3D68D85F171F8E7E0072B226;
			productRefGroup = 3D68D869171F8E7E0072B226 /* Products */;
			projectDirPath = "";
			projectRoot = "";
			targets = (
				3D68D867171F8E7E0072B226 /* Storyboard Swizzle */,
			);
		};
/* End PBXProject section */

/* Begin PBXResourcesBuildPhase section */
		3D68D866171F8E7E0072B226 /* Resources */ = {
			isa = PBXResourcesBuildPhase;
			buildActionMask = 2147483647;
			files = (
				3D68D876171F8E7E0072B226 /* InfoPlist.strings in Resources */,
				3D68D87E171F8E7E0072B226 /* Default.png in Resources */,
				3D68D880171F8E7E0072B226 /* Default@2x.png in Resources */,
				3D68D882171F8E7E0072B226 /* Default-568h@2x.png in Resources */,
				3D68D885171F8E7E0072B226 /* MainStoryboard.storyboard in Resources */,
			);
			runOnlyForDeploymentPostprocessing = 0;
		};
/* End PBXResourcesBuildPhase section */

/* Begin PBXSourcesBuildPhase section */
		3D68D864171F8E7E0072B226 /* Sources */ = {
			isa = PBXSourcesBuildPhase;
			buildActionMask = 2147483647;
			files = (
				3D68D878171F8E7E0072B226 /* main.m in Sources */,
				3D68D87C171F8E7E0072B226 /* SWIZAppDelegate.m in Sources */,
				3D68D888171F8E7E0072B226 /* SWIZViewController.m in Sources */,
			);
			runOnlyForDeploymentPostprocessing = 0;
		};
/* End PBXSourcesBuildPhase section */

/* Begin PBXVariantGroup section */
		3D68D874171F8E7E0072B226 /* InfoPlist.strings */ = {
			isa = PBXVariantGroup;
			children = (
				3D68D875171F8E7E0072B226 /* en */,
			);
			name = InfoPlist.strings;
			sourceTree = "<group>";
		};
		3D68D883171F8E7E0072B226 /* MainStoryboard.storyboard */ = {
			isa = PBXVariantGroup;
			children = (
				3D68D884171F8E7E0072B226 /* en */,
			);
			name = MainStoryboard.storyboard;
			sourceTree = "<group>";
		};
/* End PBXVariantGroup section */

/* Begin XCBuildConfiguration section */
		3D68D889171F8E7E0072B226 /* Debug */ = {
			isa = XCBuildConfiguration;
			buildSettings = {
				ALWAYS_SEARCH_USER_PATHS = NO;
				CLANG_CXX_LANGUAGE_STANDARD = "gnu++0x";
				CLANG_CXX_LIBRARY = "libc++";
				CLANG_ENABLE_OBJC_ARC = YES;
				CLANG_WARN_CONSTANT_CONVERSION = YES;
				CLANG_WARN_EMPTY_BODY = YES;
				CLANG_WARN_ENUM_CONVERSION = YES;
				CLANG_WARN_INT_CONVERSION = YES;
				CLANG_WARN__DUPLICATE_METHOD_MATCH = YES;
				"CODE_SIGN_IDENTITY[sdk=iphoneos*]" = "iPhone Developer";
				COPY_PHASE_STRIP = NO;
				GCC_C_LANGUAGE_STANDARD = gnu99;
				GCC_DYNAMIC_NO_PIC = NO;
				GCC_OPTIMIZATION_LEVEL = 0;
				GCC_PREPROCESSOR_DEFINITIONS = (
					"DEBUG=1",
					"$(inherited)",
				);
				GCC_SYMBOLS_PRIVATE_EXTERN = NO;
				GCC_WARN_ABOUT_RETURN_TYPE = YES;
				GCC_WARN_UNINITIALIZED_AUTOS = YES;
				GCC_WARN_UNUSED_VARIABLE = YES;
				IPHONEOS_DEPLOYMENT_TARGET = 6.1;
				ONLY_ACTIVE_ARCH = YES;
				SDKROOT = iphoneos;
			};
			name = Debug;
		};
		3D68D88A171F8E7E0072B226 /* Release */ = {
			isa = XCBuildConfiguration;
			buildSettings = {
				ALWAYS_SEARCH_USER_PATHS = NO;
				CLANG_CXX_LANGUAGE_STANDARD = "gnu++0x";
				CLANG_CXX_LIBRARY = "libc++";
				CLANG_ENABLE_OBJC_ARC = YES;
				CLANG_WARN_CONSTANT_CONVERSION = YES;
				CLANG_WARN_EMPTY_BODY = YES;
				CLANG_WARN_ENUM_CONVERSION = YES;
				CLANG_WARN_INT_CONVERSION = YES;
				CLANG_WARN__DUPLICATE_METHOD_MATCH = YES;
				"CODE_SIGN_IDENTITY[sdk=iphoneos*]" = "iPhone Developer";
				COPY_PHASE_STRIP = YES;
				GCC_C_LANGUAGE_STANDARD = gnu99;
				GCC_WARN_ABOUT_RETURN_TYPE = YES;
				GCC_WARN_UNINITIALIZED_AUTOS = YES;
				GCC_WARN_UNUSED_VARIABLE = YES;
				IPHONEOS_DEPLOYMENT_TARGET = 6.1;
				OTHER_CFLAGS = "-DNS_BLOCK_ASSERTIONS=1";
				SDKROOT = iphoneos;
				VALIDATE_PRODUCT = YES;
			};
			name = Release;
		};
		3D68D88C171F8E7E0072B226 /* Debug */ = {
			isa = XCBuildConfiguration;
			buildSettings = {
				GCC_PRECOMPILE_PREFIX_HEADER = YES;
				GCC_PREFIX_HEADER = "Storyboard Swizzle/Storyboard Swizzle-Prefix.pch";
				INFOPLIST_FILE = "Storyboard Swizzle/Storyboard Swizzle-Info.plist";
				PRODUCT_NAME = "$(TARGET_NAME)";
				WRAPPER_EXTENSION = app;
			};
			name = Debug;
		};
		3D68D88D171F8E7E0072B226 /* Release */ = {
			isa = XCBuildConfiguration;
			buildSettings = {
				GCC_PRECOMPILE_PREFIX_HEADER = YES;
				GCC_PREFIX_HEADER = "Storyboard Swizzle/Storyboard Swizzle-Prefix.pch";
				INFOPLIST_FILE = "Storyboard Swizzle/Storyboard Swizzle-Info.plist";
				PRODUCT_NAME = "$(TARGET_NAME)";
				WRAPPER_EXTENSION = app;
			};
			name = Release;
		};
/* End XCBuildConfiguration section */

/* Begin XCConfigurationList section */
		3D68D863171F8E7E0072B226 /* Build configuration list for PBXProject "Storyboard Swizzle" */ = {
			isa = XCConfigurationList;
			buildConfigurations = (
				3D68D889171F8E7E0072B226 /* Debug */,
				3D68D88A171F8E7E0072B226 /* Release */,
			);
			defaultConfigurationIsVisible = 0;
			defaultConfigurationName = Release;
		};
		3D68D88B171F8E7E0072B226 /* Build configuration list for PBXNativeTarget "Storyboard Swizzle" */ = {
			isa = XCConfigurationList;
			buildConfigurations = (
				3D68D88C171F8E7E0072B226 /* Debug */,
				3D68D88D171F8E7E0072B226 /* Release */,
			);
			defaultConfigurationIsVisible = 0;
		};
/* End XCConfigurationList section */
	};
	rootObject = 3D68D860171F8E7E0072B226 /* Project object */;
}
